
Microsoft Visual Studio Solution File, Format Version 12.00
# Visual Studio Version 16
VisualStudioVersion = 16.0.30114.105
MinimumVisualStudioVersion = 10.0.40219.1
Project("{FAE04EC0-301F-11D3-BF4B-00C04F79EFBC}") = "MudBlazorServer", "MudBlazorServer\MudBlazorServer.csproj", "{D6F234AC-AB84-4529-8A01-ED82716A8375}"
EndProject
Project("{FAE04EC0-301F-11D3-BF4B-00C04F79EFBC}") = "SabertoothDiego.MuddyComponents", "..\src\SabertoothDiego.MuddyComponents\SabertoothDiego.MuddyComponents.csproj", "{9092DA1E-BAC3-48C9-A0A1-2FEA920F1C0A}"
EndProject
Global
	GlobalSection(SolutionConfigurationPlatforms) = preSolution
		Debug|Any CPU = Debug|Any CPU
		Release|Any CPU = Release|Any CPU
	EndGlobalSection
	GlobalSection(SolutionProperties) = preSolution
		HideSolutionNode = FALSE
	EndGlobalSection
	GlobalSection(ProjectConfigurationPlatforms) = postSolution
		{D6F234AC-AB84-4529-8A01-ED82716A8375}.Debug|Any CPU.ActiveCfg = Debug|Any CPU
		{D6F234AC-AB84-4529-8A01-ED82716A8375}.Debug|Any CPU.Build.0 = Debug|Any CPU
		{D6F234AC-AB84-4529-8A01-ED82716A8375}.Release|Any CPU.ActiveCfg = Release|Any CPU
		{D6F234AC-AB84-4529-8A01-ED82716A8375}.Release|Any CPU.Build.0 = Release|Any CPU
		{9092DA1E-BAC3-48C9-A0A1-2FEA920F1C0A}.Debug|Any CPU.ActiveCfg = Debug|Any CPU
		{9092DA1E-BAC3-48C9-A0A1-2FEA920F1C0A}.Debug|Any CPU.Build.0 = Debug|Any CPU
		{9092DA1E-BAC3-48C9-A0A1-2FEA920F1C0A}.Release|Any CPU.ActiveCfg = Release|Any CPU
		{9092DA1E-BAC3-48C9-A0A1-2FEA920F1C0A}.Release|Any CPU.Build.0 = Release|Any CPU
	EndGlobalSection
EndGlobal
